
Microsoft Visual Studio Solution File, Format Version 12.00
# Visual Studio Version 17
VisualStudioVersion = 17.9.34723.18
MinimumVisualStudioVersion = 10.0.40219.1
Project("{FAE04EC0-301F-11D3-BF4B-00C04F79EFBC}") = "BinTextractor", "BinTextractor\BinTextractor.csproj", "{2F74B3FA-1A57-41B6-ADFC-95576ABE3F18}"
EndProject
Global
	GlobalSection(SolutionConfigurationPlatforms) = preSolution
		Debug|Any CPU = Debug|Any CPU
		Release|Any CPU = Release|Any CPU
	EndGlobalSection
	GlobalSection(ProjectConfigurationPlatforms) = postSolution
		{2F74B3FA-1A57-41B6-ADFC-95576ABE3F18}.Debug|Any CPU.ActiveCfg = Debug|Any CPU
		{2F74B3FA-1A57-41B6-ADFC-95576ABE3F18}.Debug|Any CPU.Build.0 = Debug|Any CPU
		{2F74B3FA-1A57-41B6-ADFC-95576ABE3F18}.Release|Any CPU.ActiveCfg = Release|Any CPU
		{2F74B3FA-1A57-41B6-ADFC-95576ABE3F18}.Release|Any CPU.Build.0 = Release|Any CPU
	EndGlobalSection
	GlobalSection(SolutionProperties) = preSolution
		HideSolutionNode = FALSE
	EndGlobalSection
	GlobalSection(ExtensibilityGlobals) = postSolution
		SolutionGuid = {14AFDF0F-E02D-4E83-898F-02EA006DDD90}
	EndGlobalSection
EndGlobal
